{
  "object": {
    "pins": [
      {
        "package": "TensorFlowLiteC",
        "repositoryURL": "https://github.com/kewlbear/TensorFlowLiteC.git",
        "state": {
          "branch": "master",
          "revision": "e5e9a82a941f30a7417cc46ce381ecc5916cf612",
          "version": null
        }
      }
    ]
  },
  "version": 1
}
